
Microsoft Visual Studio Solution File, Format Version 12.00
# Visual Studio 15
VisualStudioVersion = 15.0.26430.6
MinimumVisualStudioVersion = 10.0.40219.1
Project("{F184B08F-C81C-45F6-A57F-5ABD9991F28F}") = "HomeUtilityAuditingProgram", "HomeUtilityAuditingProgram\HomeUtilityAuditingProgram.vbproj", "{CD37A0CF-3630-40CC-AD9D-4AEDC7C04964}"
EndProject
Global
	GlobalSection(SolutionConfigurationPlatforms) = preSolution
		Debug|Any CPU = Debug|Any CPU
		Release|Any CPU = Release|Any CPU
	EndGlobalSection
	GlobalSection(ProjectConfigurationPlatforms) = postSolution
		{CD37A0CF-3630-40CC-AD9D-4AEDC7C04964}.Debug|Any CPU.ActiveCfg = Debug|Any CPU
		{CD37A0CF-3630-40CC-AD9D-4AEDC7C04964}.Debug|Any CPU.Build.0 = Debug|Any CPU
		{CD37A0CF-3630-40CC-AD9D-4AEDC7C04964}.Release|Any CPU.ActiveCfg = Release|Any CPU
		{CD37A0CF-3630-40CC-AD9D-4AEDC7C04964}.Release|Any CPU.Build.0 = Release|Any CPU
	EndGlobalSection
	GlobalSection(SolutionProperties) = preSolution
		HideSolutionNode = FALSE
	EndGlobalSection
EndGlobal
